
Microsoft Visual Studio Solution File, Format Version 12.00
# Visual Studio Version 17
VisualStudioVersion = 17.6.33829.357
MinimumVisualStudioVersion = 10.0.40219.1
Project("{FAE04EC0-301F-11D3-BF4B-00C04F79EFBC}") = "CSharp_Dangkimonhoc", "CSharp_Dangkimonhoc.csproj", "{0FF618E9-86CA-4F7B-B664-90E87AB53DBE}"
EndProject
Global
	GlobalSection(SolutionConfigurationPlatforms) = preSolution
		Debug|Any CPU = Debug|Any CPU
		Release|Any CPU = Release|Any CPU
	EndGlobalSection
	GlobalSection(ProjectConfigurationPlatforms) = postSolution
		{0FF618E9-86CA-4F7B-B664-90E87AB53DBE}.Debug|Any CPU.ActiveCfg = Debug|Any CPU
		{0FF618E9-86CA-4F7B-B664-90E87AB53DBE}.Debug|Any CPU.Build.0 = Debug|Any CPU
		{0FF618E9-86CA-4F7B-B664-90E87AB53DBE}.Release|Any CPU.ActiveCfg = Release|Any CPU
		{0FF618E9-86CA-4F7B-B664-90E87AB53DBE}.Release|Any CPU.Build.0 = Release|Any CPU
	EndGlobalSection
	GlobalSection(SolutionProperties) = preSolution
		HideSolutionNode = FALSE
	EndGlobalSection
	GlobalSection(ExtensibilityGlobals) = postSolution
		SolutionGuid = {4BEE6CB3-168C-4A43-B83E-2E526B0A1790}
	EndGlobalSection
EndGlobal
